
Microsoft Visual Studio Solution File, Format Version 12.00
# Visual Studio Version 17
VisualStudioVersion = 17.6.33815.320
MinimumVisualStudioVersion = 10.0.40219.1
Project("{FAE04EC0-301F-11D3-BF4B-00C04F79EFBC}") = "CodeAnalyzer", "CodeAnalyzer.csproj", "{8417A0D6-9744-4F9C-BEFC-CE3437C3041E}"
EndProject
Global
	GlobalSection(SolutionConfigurationPlatforms) = preSolution
		Debug|Any CPU = Debug|Any CPU
		Release|Any CPU = Release|Any CPU
	EndGlobalSection
	GlobalSection(ProjectConfigurationPlatforms) = postSolution
		{8417A0D6-9744-4F9C-BEFC-CE3437C3041E}.Debug|Any CPU.ActiveCfg = Debug|Any CPU
		{8417A0D6-9744-4F9C-BEFC-CE3437C3041E}.Debug|Any CPU.Build.0 = Debug|Any CPU
		{8417A0D6-9744-4F9C-BEFC-CE3437C3041E}.Release|Any CPU.ActiveCfg = Release|Any CPU
		{8417A0D6-9744-4F9C-BEFC-CE3437C3041E}.Release|Any CPU.Build.0 = Release|Any CPU
	EndGlobalSection
	GlobalSection(SolutionProperties) = preSolution
		HideSolutionNode = FALSE
	EndGlobalSection
	GlobalSection(ExtensibilityGlobals) = postSolution
		SolutionGuid = {BA20BA2A-309C-4C3A-B0F6-9017DC87E750}
	EndGlobalSection
EndGlobal
